{
  "name": "@fi4f/yggy",
  "version": "0.0.3",
  "lockfileVersion": 3,
  "requires": true,
  "packages": {
    "": {
      "name": "@fi4f/yggy",
      "version": "0.0.3",
      "license": "ISC",
      "dependencies": {
        "@fi4f/v": "^1.1.1",
        "lodash": "^4.17.21"
      },
      "devDependencies": {
        "@types/lodash": "^4.17.13",
        "typescript": "^5.6.3"
      }
    },
    "node_modules/@fi4f/v": {
      "version": "1.1.1",
      "resolved": "https://registry.npmjs.org/@fi4f/v/-/v-1.1.1.tgz",
      "integrity": "sha512-2LllCl23fwcnT014/OeFKhYgqLtVmMOWHvQRn2UNqZ7XQTNhJaRCDfq8PkARoM0KiZGck17Kqiuinc6BRb/t+A=="
    },
    "node_modules/@types/lodash": {
      "version": "4.17.14",
      "resolved": "https://registry.npmjs.org/@types/lodash/-/lodash-4.17.14.tgz",
      "integrity": "sha512-jsxagdikDiDBeIRaPYtArcT8my4tN1og7MtMRquFT3XNA6axxyHDRUemqDz/taRDdOUn0GnGHRCuff4q48sW9A==",
      "dev": true
    },
    "node_modules/lodash": {
      "version": "4.17.21",
      "resolved": "https://registry.npmjs.org/lodash/-/lodash-4.17.21.tgz",
      "integrity": "sha512-v2kDEe57lecTulaDIuNTPy3Ry4gLGJ6Z1O3vE1krgXZNrsQ+LFTGHVxVjcXPs17LhbZVGedAJv8XZ1tvj5FvSg=="
    },
    "node_modules/typescript": {
      "version": "5.7.3",
      "resolved": "https://registry.npmjs.org/typescript/-/typescript-5.7.3.tgz",
      "integrity": "sha512-84MVSjMEHP+FQRPy3pX9sTVV/INIex71s9TL2Gm5FG/WG1SqXeKyZ0k7/blY/4FdOzI12CBy1vGc4og/eus0fw==",
      "dev": true,
      "bin": {
        "tsc": "bin/tsc",
        "tsserver": "bin/tsserver"
      },
      "engines": {
        "node": ">=14.17"
      }
    }
  }
}
